
Microsoft Visual Studio Solution File, Format Version 12.00
# Visual Studio Version 16
VisualStudioVersion = 16.0.31129.286
MinimumVisualStudioVersion = 10.0.40219.1
Project("{CC5FD16D-436D-48AD-A40C-5A424C6E3E79}") = "GuestBook", "GuestBook.ccproj", "{C56AAA7E-B2DA-4810-95A0-C7E18F09D878}"
EndProject
Project("{FAE04EC0-301F-11D3-BF4B-00C04F79EFBC}") = "WebRole1", "WebRole1\WebRole1.csproj", "{B45784E8-CD2E-419C-ADA2-DB8C64C9CB06}"
EndProject
Project("{FAE04EC0-301F-11D3-BF4B-00C04F79EFBC}") = "WorkerRole1", "WorkerRole1\WorkerRole1.csproj", "{E6648590-EC72-4B57-A558-03B8C0574AE5}"
EndProject
Project("{FAE04EC0-301F-11D3-BF4B-00C04F79EFBC}") = "GuestBook_Data", "..\GuestBook_Data\GuestBook_Data.csproj", "{4DBC2853-8F1B-4492-A188-504345D72B07}"
EndProject
Global
	GlobalSection(SolutionConfigurationPlatforms) = preSolution
		Debug|Any CPU = Debug|Any CPU
		Release|Any CPU = Release|Any CPU
	EndGlobalSection
	GlobalSection(ProjectConfigurationPlatforms) = postSolution
		{C56AAA7E-B2DA-4810-95A0-C7E18F09D878}.Debug|Any CPU.ActiveCfg = Debug|Any CPU
		{C56AAA7E-B2DA-4810-95A0-C7E18F09D878}.Debug|Any CPU.Build.0 = Debug|Any CPU
		{C56AAA7E-B2DA-4810-95A0-C7E18F09D878}.Release|Any CPU.ActiveCfg = Release|Any CPU
		{C56AAA7E-B2DA-4810-95A0-C7E18F09D878}.Release|Any CPU.Build.0 = Release|Any CPU
		{B45784E8-CD2E-419C-ADA2-DB8C64C9CB06}.Debug|Any CPU.ActiveCfg = Debug|Any CPU
		{B45784E8-CD2E-419C-ADA2-DB8C64C9CB06}.Debug|Any CPU.Build.0 = Debug|Any CPU
		{B45784E8-CD2E-419C-ADA2-DB8C64C9CB06}.Release|Any CPU.ActiveCfg = Release|Any CPU
		{B45784E8-CD2E-419C-ADA2-DB8C64C9CB06}.Release|Any CPU.Build.0 = Release|Any CPU
		{E6648590-EC72-4B57-A558-03B8C0574AE5}.Debug|Any CPU.ActiveCfg = Debug|Any CPU
		{E6648590-EC72-4B57-A558-03B8C0574AE5}.Debug|Any CPU.Build.0 = Debug|Any CPU
		{E6648590-EC72-4B57-A558-03B8C0574AE5}.Release|Any CPU.ActiveCfg = Release|Any CPU
		{E6648590-EC72-4B57-A558-03B8C0574AE5}.Release|Any CPU.Build.0 = Release|Any CPU
		{4DBC2853-8F1B-4492-A188-504345D72B07}.Debug|Any CPU.ActiveCfg = Debug|Any CPU
		{4DBC2853-8F1B-4492-A188-504345D72B07}.Debug|Any CPU.Build.0 = Debug|Any CPU
		{4DBC2853-8F1B-4492-A188-504345D72B07}.Release|Any CPU.ActiveCfg = Release|Any CPU
		{4DBC2853-8F1B-4492-A188-504345D72B07}.Release|Any CPU.Build.0 = Release|Any CPU
	EndGlobalSection
	GlobalSection(SolutionProperties) = preSolution
		HideSolutionNode = FALSE
	EndGlobalSection
	GlobalSection(ExtensibilityGlobals) = postSolution
		SolutionGuid = {CC8294AE-0805-4119-96C9-F63714022E00}
	EndGlobalSection
EndGlobal
